# This file is autogenerated, do not edit; changes may be undone by the next 'dep ensure'.


[[projects]]
  name = "github.com/douxu/go-gitlab"
  packages = ["."]
  revision = "109fd962a3876c6e486a5bc9507289d060e3c587"
  version = "v0.9.0"

[[projects]]
  branch = "master"
  name = "github.com/google/go-querystring"
  packages = ["query"]
  revision = "53e6ce116135b80d037921a7fdd5138cf32d7a8a"

[[projects]]
  name = "gopkg.in/yaml.v2"
  packages = ["."]
  revision = "5420a8b6744d3b0345ab293f6fcba19c978f1183"
  version = "v2.2.1"

[solve-meta]
  analyzer-name = "dep"
  analyzer-version = 1
  inputs-digest = "00d787514cc430e43e9f98774afa4fafbf0b190118526fee78fc7d1f59b46398"
  solver-name = "gps-cdcl"
  solver-version = 1
